
Microsoft Visual Studio Solution File, Format Version 12.00
# Visual Studio Version 16
VisualStudioVersion = 16.0.31105.61
MinimumVisualStudioVersion = 10.0.40219.1
Project("{9A19103F-16F7-4668-BE54-9A1E7A4F7556}") = "Es2", "Es2\Es2.csproj", "{70C76755-5D39-4807-BF0C-0497B214D7BC}"
EndProject
Project("{FAE04EC0-301F-11D3-BF4B-00C04F79EFBC}") = "Es4", "Es4\Es4.csproj", "{C5B9FD1B-B140-4E43-AAF6-AA1B9F7AEE24}"
EndProject
Global
	GlobalSection(SolutionConfigurationPlatforms) = preSolution
		Debug|Any CPU = Debug|Any CPU
		Release|Any CPU = Release|Any CPU
	EndGlobalSection
	GlobalSection(ProjectConfigurationPlatforms) = postSolution
		{70C76755-5D39-4807-BF0C-0497B214D7BC}.Debug|Any CPU.ActiveCfg = Debug|Any CPU
		{70C76755-5D39-4807-BF0C-0497B214D7BC}.Debug|Any CPU.Build.0 = Debug|Any CPU
		{70C76755-5D39-4807-BF0C-0497B214D7BC}.Release|Any CPU.ActiveCfg = Release|Any CPU
		{70C76755-5D39-4807-BF0C-0497B214D7BC}.Release|Any CPU.Build.0 = Release|Any CPU
		{C5B9FD1B-B140-4E43-AAF6-AA1B9F7AEE24}.Debug|Any CPU.ActiveCfg = Debug|Any CPU
		{C5B9FD1B-B140-4E43-AAF6-AA1B9F7AEE24}.Debug|Any CPU.Build.0 = Debug|Any CPU
		{C5B9FD1B-B140-4E43-AAF6-AA1B9F7AEE24}.Release|Any CPU.ActiveCfg = Release|Any CPU
		{C5B9FD1B-B140-4E43-AAF6-AA1B9F7AEE24}.Release|Any CPU.Build.0 = Release|Any CPU
	EndGlobalSection
	GlobalSection(SolutionProperties) = preSolution
		HideSolutionNode = FALSE
	EndGlobalSection
	GlobalSection(ExtensibilityGlobals) = postSolution
		SolutionGuid = {7514A71D-0B3D-4371-ADAC-7D1575FD591A}
	EndGlobalSection
EndGlobal
